
Microsoft Visual Studio Solution File, Format Version 12.00
# Visual Studio Version 17
VisualStudioVersion = 17.14.36301.6 d17.14
MinimumVisualStudioVersion = 10.0.40219.1
Project("{FAE04EC0-301F-11D3-BF4B-00C04F79EFBC}") = "Advanced_C#", "Advanced_C#\Advanced_C#.csproj", "{20E3D197-9FC6-499F-8166-6F3154CE1A12}"
EndProject
Global
	GlobalSection(SolutionConfigurationPlatforms) = preSolution
		Debug|Any CPU = Debug|Any CPU
		Release|Any CPU = Release|Any CPU
	EndGlobalSection
	GlobalSection(ProjectConfigurationPlatforms) = postSolution
		{20E3D197-9FC6-499F-8166-6F3154CE1A12}.Debug|Any CPU.ActiveCfg = Debug|Any CPU
		{20E3D197-9FC6-499F-8166-6F3154CE1A12}.Debug|Any CPU.Build.0 = Debug|Any CPU
		{20E3D197-9FC6-499F-8166-6F3154CE1A12}.Release|Any CPU.ActiveCfg = Release|Any CPU
		{20E3D197-9FC6-499F-8166-6F3154CE1A12}.Release|Any CPU.Build.0 = Release|Any CPU
	EndGlobalSection
	GlobalSection(SolutionProperties) = preSolution
		HideSolutionNode = FALSE
	EndGlobalSection
	GlobalSection(ExtensibilityGlobals) = postSolution
		SolutionGuid = {D91EAD9E-DDA7-4D9D-9E4B-A019B63F666D}
	EndGlobalSection
EndGlobal
